// !$*UTF8*$!
{
	archiveVersion = 1;
	classes = {
	};
	objectVersion = 56;
	objects = {

/* Begin PBXBuildFile section */
		5C9CC7642BCA69A30056FDDD /* BhagwatGeeta Watch App.app in Embed Watch Content */ = {isa = PBXBuildFile; fileRef = 5C9CC7632BCA69A30056FDDD /* BhagwatGeeta Watch App.app */; settings = {ATTRIBUTES = (RemoveHeadersOnCopy, ); }; };
		5C9CC7692BCA69A30056FDDD /* BhagwatGeetaApp.swift in Sources */ = {isa = PBXBuildFile; fileRef = 5C9CC7682BCA69A30056FDDD /* BhagwatGeetaApp.swift */; };
		5C9CC76B2BCA69A30056FDDD /* ContentView.swift in Sources */ = {isa = PBXBuildFile; fileRef = 5C9CC76A2BCA69A30056FDDD /* ContentView.swift */; };
		5C9CC76D2BCA69A40056FDDD /* Assets.xcassets in Resources */ = {isa = PBXBuildFile; fileRef = 5C9CC76C2BCA69A40056FDDD /* Assets.xcassets */; };
		5C9CC7702BCA69A40056FDDD /* Preview Assets.xcassets in Resources */ = {isa = PBXBuildFile; fileRef = 5C9CC76F2BCA69A40056FDDD /* Preview Assets.xcassets */; };
/* End PBXBuildFile section */

/* Begin PBXContainerItemProxy section */
		5C9CC7652BCA69A30056FDDD /* PBXContainerItemProxy */ = {
			isa = PBXContainerItemProxy;
			containerPortal = 5C9CC7572BCA69A30056FDDD /* Project object */;
			proxyType = 1;
			remoteGlobalIDString = 5C9CC7622BCA69A30056FDDD;
			remoteInfo = "BhagwatGeeta Watch App";
		};
/* End PBXContainerItemProxy section */

/* Begin PBXCopyFilesBuildPhase section */
		5C9CC7762BCA69A40056FDDD /* Embed Watch Content */ = {
			isa = PBXCopyFilesBuildPhase;
			buildActionMask = 2147483647;
			dstPath = "$(CONTENTS_FOLDER_PATH)/Watch";
			dstSubfolderSpec = 16;
			files = (
				5C9CC7642BCA69A30056FDDD /* BhagwatGeeta Watch App.app in Embed Watch Content */,
			);
			name = "Embed Watch Content";
			runOnlyForDeploymentPostprocessing = 0;
		};
/* End PBXCopyFilesBuildPhase section */

/* Begin PBXFileReference section */
		5C9CC75D2BCA69A30056FDDD /* BhagwatGeeta.app */ = {isa = PBXFileReference; explicitFileType = wrapper.application; includeInIndex = 0; path = BhagwatGeeta.app; sourceTree = BUILT_PRODUCTS_DIR; };
		5C9CC7632BCA69A30056FDDD /* BhagwatGeeta Watch App.app */ = {isa = PBXFileReference; explicitFileType = wrapper.application; includeInIndex = 0; path = "BhagwatGeeta Watch App.app"; sourceTree = BUILT_PRODUCTS_DIR; };
		5C9CC7682BCA69A30056FDDD /* BhagwatGeetaApp.swift */ = {isa = PBXFileReference; lastKnownFileType = sourcecode.swift; path = BhagwatGeetaApp.swift; sourceTree = "<group>"; };
		5C9CC76A2BCA69A30056FDDD /* ContentView.swift */ = {isa = PBXFileReference; lastKnownFileType = sourcecode.swift; path = ContentView.swift; sourceTree = "<group>"; };
		5C9CC76C2BCA69A40056FDDD /* Assets.xcassets */ = {isa = PBXFileReference; lastKnownFileType = folder.assetcatalog; path = Assets.xcassets; sourceTree = "<group>"; };
		5C9CC76F2BCA69A40056FDDD /* Preview Assets.xcassets */ = {isa = PBXFileReference; lastKnownFileType = folder.assetcatalog; path = "Preview Assets.xcassets"; sourceTree = "<group>"; };
/* End PBXFileReference section */

/* Begin PBXFrameworksBuildPhase section */
		5C9CC7602BCA69A30056FDDD /* Frameworks */ = {
			isa = PBXFrameworksBuildPhase;
			buildActionMask = 2147483647;
			files = (
			);
			runOnlyForDeploymentPostprocessing = 0;
		};
/* End PBXFrameworksBuildPhase section */

/* Begin PBXGroup section */
		5C9CC7562BCA69A30056FDDD = {
			isa = PBXGroup;
			children = (
				5C9CC7672BCA69A30056FDDD /* BhagwatGeeta Watch App */,
				5C9CC75E2BCA69A30056FDDD /* Products */,
			);
			sourceTree = "<group>";
		};
		5C9CC75E2BCA69A30056FDDD /* Products */ = {
			isa = PBXGroup;
			children = (
				5C9CC75D2BCA69A30056FDDD /* BhagwatGeeta.app */,
				5C9CC7632BCA69A30056FDDD /* BhagwatGeeta Watch App.app */,
			);
			name = Products;
			sourceTree = "<group>";
		};
		5C9CC7672BCA69A30056FDDD /* BhagwatGeeta Watch App */ = {
			isa = PBXGroup;
			children = (
				5C9CC7682BCA69A30056FDDD /* BhagwatGeetaApp.swift */,
				5C9CC76A2BCA69A30056FDDD /* ContentView.swift */,
				5C9CC76C2BCA69A40056FDDD /* Assets.xcassets */,
				5C9CC76E2BCA69A40056FDDD /* Preview Content */,
			);
			path = "BhagwatGeeta Watch App";
			sourceTree = "<group>";
		};
		5C9CC76E2BCA69A40056FDDD /* Preview Content */ = {
			isa = PBXGroup;
			children = (
				5C9CC76F2BCA69A40056FDDD /* Preview Assets.xcassets */,
			);
			path = "Preview Content";
			sourceTree = "<group>";
		};
/* End PBXGroup section */

/* Begin PBXNativeTarget section */
		5C9CC75C2BCA69A30056FDDD /* BhagwatGeeta */ = {
			isa = PBXNativeTarget;
			buildConfigurationList = 5C9CC7772BCA69A40056FDDD /* Build configuration list for PBXNativeTarget "BhagwatGeeta" */;
			buildPhases = (
				5C9CC75B2BCA69A30056FDDD /* Resources */,
				5C9CC7762BCA69A40056FDDD /* Embed Watch Content */,
			);
			buildRules = (
			);
			dependencies = (
				5C9CC7662BCA69A30056FDDD /* PBXTargetDependency */,
			);
			name = BhagwatGeeta;
			productName = BhagwatGeeta;
			productReference = 5C9CC75D2BCA69A30056FDDD /* BhagwatGeeta.app */;
			productType = "com.apple.product-type.application.watchapp2-container";
		};
		5C9CC7622BCA69A30056FDDD /* BhagwatGeeta Watch App */ = {
			isa = PBXNativeTarget;
			buildConfigurationList = 5C9CC7732BCA69A40056FDDD /* Build configuration list for PBXNativeTarget "BhagwatGeeta Watch App" */;
			buildPhases = (
				5C9CC75F2BCA69A30056FDDD /* Sources */,
				5C9CC7602BCA69A30056FDDD /* Frameworks */,
				5C9CC7612BCA69A30056FDDD /* Resources */,
			);
			buildRules = (
			);
			dependencies = (
			);
			name = "BhagwatGeeta Watch App";
			productName = "BhagwatGeeta Watch App";
			productReference = 5C9CC7632BCA69A30056FDDD /* BhagwatGeeta Watch App.app */;
			productType = "com.apple.product-type.application";
		};
/* End PBXNativeTarget section */

/* Begin PBXProject section */
		5C9CC7572BCA69A30056FDDD /* Project object */ = {
			isa = PBXProject;
			attributes = {
				BuildIndependentTargetsInParallel = 1;
				LastSwiftUpdateCheck = 1530;
				LastUpgradeCheck = 1530;
				TargetAttributes = {
					5C9CC75C2BCA69A30056FDDD = {
						CreatedOnToolsVersion = 15.3;
					};
					5C9CC7622BCA69A30056FDDD = {
						CreatedOnToolsVersion = 15.3;
					};
				};
			};
			buildConfigurationList = 5C9CC75A2BCA69A30056FDDD /* Build configuration list for PBXProject "BhagwatGeeta" */;
			compatibilityVersion = "Xcode 14.0";
			developmentRegion = en;
			hasScannedForEncodings = 0;
			knownRegions = (
				en,
				Base,
			);
			mainGroup = 5C9CC7562BCA69A30056FDDD;
			productRefGroup = 5C9CC75E2BCA69A30056FDDD /* Products */;
			projectDirPath = "";
			projectRoot = "";
			targets = (
				5C9CC75C2BCA69A30056FDDD /* BhagwatGeeta */,
				5C9CC7622BCA69A30056FDDD /* BhagwatGeeta Watch App */,
			);
		};
/* End PBXProject section */

/* Begin PBXResourcesBuildPhase section */
		5C9CC75B2BCA69A30056FDDD /* Resources */ = {
			isa = PBXResourcesBuildPhase;
			buildActionMask = 2147483647;
			files = (
			);
			runOnlyForDeploymentPostprocessing = 0;
		};
		5C9CC7612BCA69A30056FDDD /* Resources */ = {
			isa = PBXResourcesBuildPhase;
			buildActionMask = 2147483647;
			files = (
				5C9CC7702BCA69A40056FDDD /* Preview Assets.xcassets in Resources */,
				5C9CC76D2BCA69A40056FDDD /* Assets.xcassets in Resources */,
			);
			runOnlyForDeploymentPostprocessing = 0;
		};
/* End PBXResourcesBuildPhase section */

/* Begin PBXSourcesBuildPhase section */
		5C9CC75F2BCA69A30056FDDD /* Sources */ = {
			isa = PBXSourcesBuildPhase;
			buildActionMask = 2147483647;
			files = (
				5C9CC76B2BCA69A30056FDDD /* ContentView.swift in Sources */,
				5C9CC7692BCA69A30056FDDD /* BhagwatGeetaApp.swift in Sources */,
			);
			runOnlyForDeploymentPostprocessing = 0;
		};
/* End PBXSourcesBuildPhase section */

/* Begin PBXTargetDependency section */
		5C9CC7662BCA69A30056FDDD /* PBXTargetDependency */ = {
			isa = PBXTargetDependency;
			target = 5C9CC7622BCA69A30056FDDD /* BhagwatGeeta Watch App */;
			targetProxy = 5C9CC7652BCA69A30056FDDD /* PBXContainerItemProxy */;
		};
/* End PBXTargetDependency section */

/* Begin XCBuildConfiguration section */
		5C9CC7712BCA69A40056FDDD /* Debug */ = {
			isa = XCBuildConfiguration;
			buildSettings = {
				ALWAYS_SEARCH_USER_PATHS = NO;
				ASSETCATALOG_COMPILER_GENERATE_SWIFT_ASSET_SYMBOL_EXTENSIONS = YES;
				CLANG_ANALYZER_NONNULL = YES;
				CLANG_ANALYZER_NUMBER_OBJECT_CONVERSION = YES_AGGRESSIVE;
				CLANG_CXX_LANGUAGE_STANDARD = "gnu++20";
				CLANG_ENABLE_MODULES = YES;
				CLANG_ENABLE_OBJC_ARC = YES;
				CLANG_ENABLE_OBJC_WEAK = YES;
				CLANG_WARN_BLOCK_CAPTURE_AUTORELEASING = YES;
				CLANG_WARN_BOOL_CONVERSION = YES;
				CLANG_WARN_COMMA = YES;
				CLANG_WARN_CONSTANT_CONVERSION = YES;
				CLANG_WARN_DEPRECATED_OBJC_IMPLEMENTATIONS = YES;
				CLANG_WARN_DIRECT_OBJC_ISA_USAGE = YES_ERROR;
				CLANG_WARN_DOCUMENTATION_COMMENTS = YES;
				CLANG_WARN_EMPTY_BODY = YES;
				CLANG_WARN_ENUM_CONVERSION = YES;
				CLANG_WARN_INFINITE_RECURSION = YES;
				CLANG_WARN_INT_CONVERSION = YES;
				CLANG_WARN_NON_LITERAL_NULL_CONVERSION = YES;
				CLANG_WARN_OBJC_IMPLICIT_RETAIN_SELF = YES;
				CLANG_WARN_OBJC_LITERAL_CONVERSION = YES;
				CLANG_WARN_OBJC_ROOT_CLASS = YES_ERROR;
				CLANG_WARN_QUOTED_INCLUDE_IN_FRAMEWORK_HEADER = YES;
				CLANG_WARN_RANGE_LOOP_ANALYSIS = YES;
				CLANG_WARN_STRICT_PROTOTYPES = YES;
				CLANG_WARN_SUSPICIOUS_MOVE = YES;
				CLANG_WARN_UNGUARDED_AVAILABILITY = YES_AGGRESSIVE;
				CLANG_WARN_UNREACHABLE_CODE = YES;
				CLANG_WARN__DUPLICATE_METHOD_MATCH = YES;
				COPY_PHASE_STRIP = NO;
				DEBUG_INFORMATION_FORMAT = dwarf;
				ENABLE_STRICT_OBJC_MSGSEND = YES;
				ENABLE_TESTABILITY = YES;
				ENABLE_USER_SCRIPT_SANDBOXING = YES;
				GCC_C_LANGUAGE_STANDARD = gnu17;
				GCC_DYNAMIC_NO_PIC = NO;
				GCC_NO_COMMON_BLOCKS = YES;
				GCC_OPTIMIZATION_LEVEL = 0;
				GCC_PREPROCESSOR_DEFINITIONS = (
					"DEBUG=1",
					"$(inherited)",
				);
				GCC_WARN_64_TO_32_BIT_CONVERSION = YES;
				GCC_WARN_ABOUT_RETURN_TYPE = YES_ERROR;
				GCC_WARN_UNDECLARED_SELECTOR = YES;
				GCC_WARN_UNINITIALIZED_AUTOS = YES_AGGRESSIVE;
				GCC_WARN_UNUSED_FUNCTION = YES;
				GCC_WARN_UNUSED_VARIABLE = YES;
				LOCALIZATION_PREFERS_STRING_CATALOGS = YES;
				MTL_ENABLE_DEBUG_INFO = INCLUDE_SOURCE;
				MTL_FAST_MATH = YES;
				ONLY_ACTIVE_ARCH = YES;
				SWIFT_ACTIVE_COMPILATION_CONDITIONS = "DEBUG $(inherited)";
				SWIFT_OPTIMIZATION_LEVEL = "-Onone";
			};
			name = Debug;
		};
		5C9CC7722BCA69A40056FDDD /* Release */ = {
			isa = XCBuildConfiguration;
			buildSettings = {
				ALWAYS_SEARCH_USER_PATHS = NO;
				ASSETCATALOG_COMPILER_GENERATE_SWIFT_ASSET_SYMBOL_EXTENSIONS = YES;
				CLANG_ANALYZER_NONNULL = YES;
				CLANG_ANALYZER_NUMBER_OBJECT_CONVERSION = YES_AGGRESSIVE;
				CLANG_CXX_LANGUAGE_STANDARD = "gnu++20";
				CLANG_ENABLE_MODULES = YES;
				CLANG_ENABLE_OBJC_ARC = YES;
				CLANG_ENABLE_OBJC_WEAK = YES;
				CLANG_WARN_BLOCK_CAPTURE_AUTORELEASING = YES;
				CLANG_WARN_BOOL_CONVERSION = YES;
				CLANG_WARN_COMMA = YES;
				CLANG_WARN_CONSTANT_CONVERSION = YES;
				CLANG_WARN_DEPRECATED_OBJC_IMPLEMENTATIONS = YES;
				CLANG_WARN_DIRECT_OBJC_ISA_USAGE = YES_ERROR;
				CLANG_WARN_DOCUMENTATION_COMMENTS = YES;
				CLANG_WARN_EMPTY_BODY = YES;
				CLANG_WARN_ENUM_CONVERSION = YES;
				CLANG_WARN_INFINITE_RECURSION = YES;
				CLANG_WARN_INT_CONVERSION = YES;
				CLANG_WARN_NON_LITERAL_NULL_CONVERSION = YES;
				CLANG_WARN_OBJC_IMPLICIT_RETAIN_SELF = YES;
				CLANG_WARN_OBJC_LITERAL_CONVERSION = YES;
				CLANG_WARN_OBJC_ROOT_CLASS = YES_ERROR;
				CLANG_WARN_QUOTED_INCLUDE_IN_FRAMEWORK_HEADER = YES;
				CLANG_WARN_RANGE_LOOP_ANALYSIS = YES;
				CLANG_WARN_STRICT_PROTOTYPES = YES;
				CLANG_WARN_SUSPICIOUS_MOVE = YES;
				CLANG_WARN_UNGUARDED_AVAILABILITY = YES_AGGRESSIVE;
				CLANG_WARN_UNREACHABLE_CODE = YES;
				CLANG_WARN__DUPLICATE_METHOD_MATCH = YES;
				COPY_PHASE_STRIP = NO;
				DEBUG_INFORMATION_FORMAT = "dwarf-with-dsym";
				ENABLE_NS_ASSERTIONS = NO;
				ENABLE_STRICT_OBJC_MSGSEND = YES;
				ENABLE_USER_SCRIPT_SANDBOXING = YES;
				GCC_C_LANGUAGE_STANDARD = gnu17;
				GCC_NO_COMMON_BLOCKS = YES;
				GCC_WARN_64_TO_32_BIT_CONVERSION = YES;
				GCC_WARN_ABOUT_RETURN_TYPE = YES_ERROR;
				GCC_WARN_UNDECLARED_SELECTOR = YES;
				GCC_WARN_UNINITIALIZED_AUTOS = YES_AGGRESSIVE;
				GCC_WARN_UNUSED_FUNCTION = YES;
				GCC_WARN_UNUSED_VARIABLE = YES;
				LOCALIZATION_PREFERS_STRING_CATALOGS = YES;
				MTL_ENABLE_DEBUG_INFO = NO;
				MTL_FAST_MATH = YES;
				SWIFT_COMPILATION_MODE = wholemodule;
			};
			name = Release;
		};
		5C9CC7742BCA69A40056FDDD /* Debug */ = {
			isa = XCBuildConfiguration;
			buildSettings = {
				ASSETCATALOG_COMPILER_APPICON_NAME = AppIcon;
				ASSETCATALOG_COMPILER_GLOBAL_ACCENT_COLOR_NAME = AccentColor;
				CODE_SIGN_STYLE = Automatic;
				CURRENT_PROJECT_VERSION = 1;
				DEVELOPMENT_ASSET_PATHS = "\"BhagwatGeeta Watch App/Preview Content\"";
				DEVELOPMENT_TEAM = N62N447LUW;
				ENABLE_PREVIEWS = YES;
				GENERATE_INFOPLIST_FILE = YES;
				INFOPLIST_KEY_CFBundleDisplayName = BhagwatGeeta;
				INFOPLIST_KEY_UISupportedInterfaceOrientations = "UIInterfaceOrientationPortrait UIInterfaceOrientationPortraitUpsideDown";
				INFOPLIST_KEY_WKWatchOnly = YES;
				LD_RUNPATH_SEARCH_PATHS = (
					"$(inherited)",
					"@executable_path/Frameworks",
				);
				MARKETING_VERSION = 1.0;
				PRODUCT_BUNDLE_IDENTIFIER = pathakmanvendu.BhagwatGeeta.watchkitapp;
				PRODUCT_NAME = "$(TARGET_NAME)";
				SDKROOT = watchos;
				SKIP_INSTALL = YES;
				SWIFT_EMIT_LOC_STRINGS = YES;
				SWIFT_VERSION = 5.0;
				TARGETED_DEVICE_FAMILY = 4;
				WATCHOS_DEPLOYMENT_TARGET = 10.4;
			};
			name = Debug;
		};
		5C9CC7752BCA69A40056FDDD /* Release */ = {
			isa = XCBuildConfiguration;
			buildSettings = {
				ASSETCATALOG_COMPILER_APPICON_NAME = AppIcon;
				ASSETCATALOG_COMPILER_GLOBAL_ACCENT_COLOR_NAME = AccentColor;
				CODE_SIGN_STYLE = Automatic;
				CURRENT_PROJECT_VERSION = 1;
				DEVELOPMENT_ASSET_PATHS = "\"BhagwatGeeta Watch App/Preview Content\"";
				DEVELOPMENT_TEAM = N62N447LUW;
				ENABLE_PREVIEWS = YES;
				GENERATE_INFOPLIST_FILE = YES;
				INFOPLIST_KEY_CFBundleDisplayName = BhagwatGeeta;
				INFOPLIST_KEY_UISupportedInterfaceOrientations = "UIInterfaceOrientationPortrait UIInterfaceOrientationPortraitUpsideDown";
				INFOPLIST_KEY_WKWatchOnly = YES;
				LD_RUNPATH_SEARCH_PATHS = (
					"$(inherited)",
					"@executable_path/Frameworks",
				);
				MARKETING_VERSION = 1.0;
				PRODUCT_BUNDLE_IDENTIFIER = pathakmanvendu.BhagwatGeeta.watchkitapp;
				PRODUCT_NAME = "$(TARGET_NAME)";
				SDKROOT = watchos;
				SKIP_INSTALL = YES;
				SWIFT_EMIT_LOC_STRINGS = YES;
				SWIFT_VERSION = 5.0;
				TARGETED_DEVICE_FAMILY = 4;
				VALIDATE_PRODUCT = YES;
				WATCHOS_DEPLOYMENT_TARGET = 10.4;
			};
			name = Release;
		};
		5C9CC7782BCA69A40056FDDD /* Debug */ = {
			isa = XCBuildConfiguration;
			buildSettings = {
				ALWAYS_EMBED_SWIFT_STANDARD_LIBRARIES = YES;
				CODE_SIGN_STYLE = Automatic;
				CURRENT_PROJECT_VERSION = 1;
				DEVELOPMENT_TEAM = N62N447LUW;
				INFOPLIST_KEY_CFBundleDisplayName = BhagwatGeeta;
				MARKETING_VERSION = 1.0;
				PRODUCT_BUNDLE_IDENTIFIER = pathakmanvendu.BhagwatGeeta;
				PRODUCT_NAME = "$(TARGET_NAME)";
				SDKROOT = iphoneos;
				SWIFT_VERSION = 5.0;
			};
			name = Debug;
		};
		5C9CC7792BCA69A40056FDDD /* Release */ = {
			isa = XCBuildConfiguration;
			buildSettings = {
				ALWAYS_EMBED_SWIFT_STANDARD_LIBRARIES = YES;
				CODE_SIGN_STYLE = Automatic;
				CURRENT_PROJECT_VERSION = 1;
				DEVELOPMENT_TEAM = N62N447LUW;
				INFOPLIST_KEY_CFBundleDisplayName = BhagwatGeeta;
				MARKETING_VERSION = 1.0;
				PRODUCT_BUNDLE_IDENTIFIER = pathakmanvendu.BhagwatGeeta;
				PRODUCT_NAME = "$(TARGET_NAME)";
				SDKROOT = iphoneos;
				SWIFT_VERSION = 5.0;
				VALIDATE_PRODUCT = YES;
			};
			name = Release;
		};
/* End XCBuildConfiguration section */

/* Begin XCConfigurationList section */
		5C9CC75A2BCA69A30056FDDD /* Build configuration list for PBXProject "BhagwatGeeta" */ = {
			isa = XCConfigurationList;
			buildConfigurations = (
				5C9CC7712BCA69A40056FDDD /* Debug */,
				5C9CC7722BCA69A40056FDDD /* Release */,
			);
			defaultConfigurationIsVisible = 0;
			defaultConfigurationName = Release;
		};
		5C9CC7732BCA69A40056FDDD /* Build configuration list for PBXNativeTarget "BhagwatGeeta Watch App" */ = {
			isa = XCConfigurationList;
			buildConfigurations = (
				5C9CC7742BCA69A40056FDDD /* Debug */,
				5C9CC7752BCA69A40056FDDD /* Release */,
			);
			defaultConfigurationIsVisible = 0;
			defaultConfigurationName = Release;
		};
		5C9CC7772BCA69A40056FDDD /* Build configuration list for PBXNativeTarget "BhagwatGeeta" */ = {
			isa = XCConfigurationList;
			buildConfigurations = (
				5C9CC7782BCA69A40056FDDD /* Debug */,
				5C9CC7792BCA69A40056FDDD /* Release */,
			);
			defaultConfigurationIsVisible = 0;
			defaultConfigurationName = Release;
		};
/* End XCConfigurationList section */
	};
	rootObject = 5C9CC7572BCA69A30056FDDD /* Project object */;
}
